
Microsoft Visual Studio Solution File, Format Version 11.00
# Visual Studio 2010
Project("{8BC9CEB8-8B4A-11D0-8D11-00A0C91BC942}") = "LDNIcuda", "LDNIcuda\LDNIcuda.vcxproj", "{220D7267-79F9-49AD-88C2-D794CBDB9ACB}"
EndProject
Project("{8BC9CEB8-8B4A-11D0-8D11-00A0C91BC942}") = "GLKLib", "GLKLib\GLKLib.vcxproj", "{9E461DA4-1748-4007-8B25-2554356DC132}"
EndProject
Global
	GlobalSection(SolutionConfigurationPlatforms) = preSolution
		Debug|Win32 = Debug|Win32
		Release|Win32 = Release|Win32
	EndGlobalSection
	GlobalSection(ProjectConfigurationPlatforms) = postSolution
		{220D7267-79F9-49AD-88C2-D794CBDB9ACB}.Debug|Win32.ActiveCfg = Debug|Win32
		{220D7267-79F9-49AD-88C2-D794CBDB9ACB}.Debug|Win32.Build.0 = Debug|Win32
		{220D7267-79F9-49AD-88C2-D794CBDB9ACB}.Release|Win32.ActiveCfg = Release|Win32
		{220D7267-79F9-49AD-88C2-D794CBDB9ACB}.Release|Win32.Build.0 = Release|Win32
		{9E461DA4-1748-4007-8B25-2554356DC132}.Debug|Win32.ActiveCfg = Debug|Win32
		{9E461DA4-1748-4007-8B25-2554356DC132}.Debug|Win32.Build.0 = Debug|Win32
		{9E461DA4-1748-4007-8B25-2554356DC132}.Release|Win32.ActiveCfg = Release|Win32
		{9E461DA4-1748-4007-8B25-2554356DC132}.Release|Win32.Build.0 = Release|Win32
	EndGlobalSection
	GlobalSection(SolutionProperties) = preSolution
		HideSolutionNode = FALSE
	EndGlobalSection
EndGlobal
